
Microsoft Visual Studio Solution File, Format Version 12.00
# Visual Studio Version 16
VisualStudioVersion = 16.0.31410.357
MinimumVisualStudioVersion = 10.0.40219.1
Project("{FAE04EC0-301F-11D3-BF4B-00C04F79EFBC}") = "StudentSQL", "StudentSQL\StudentSQL.csproj", "{573DE4D5-2FE3-4AE0-9366-9C410B4B9056}"
EndProject
Project("{FAE04EC0-301F-11D3-BF4B-00C04F79EFBC}") = "StudentData", "StudentData\StudentData.csproj", "{0A17D8F9-84BD-48BC-A47A-3EC8D7A27C2D}"
EndProject
Global
	GlobalSection(SolutionConfigurationPlatforms) = preSolution
		Debug|Any CPU = Debug|Any CPU
		Release|Any CPU = Release|Any CPU
	EndGlobalSection
	GlobalSection(ProjectConfigurationPlatforms) = postSolution
		{573DE4D5-2FE3-4AE0-9366-9C410B4B9056}.Debug|Any CPU.ActiveCfg = Debug|Any CPU
		{573DE4D5-2FE3-4AE0-9366-9C410B4B9056}.Debug|Any CPU.Build.0 = Debug|Any CPU
		{573DE4D5-2FE3-4AE0-9366-9C410B4B9056}.Release|Any CPU.ActiveCfg = Release|Any CPU
		{573DE4D5-2FE3-4AE0-9366-9C410B4B9056}.Release|Any CPU.Build.0 = Release|Any CPU
		{0A17D8F9-84BD-48BC-A47A-3EC8D7A27C2D}.Debug|Any CPU.ActiveCfg = Debug|Any CPU
		{0A17D8F9-84BD-48BC-A47A-3EC8D7A27C2D}.Debug|Any CPU.Build.0 = Debug|Any CPU
		{0A17D8F9-84BD-48BC-A47A-3EC8D7A27C2D}.Release|Any CPU.ActiveCfg = Release|Any CPU
		{0A17D8F9-84BD-48BC-A47A-3EC8D7A27C2D}.Release|Any CPU.Build.0 = Release|Any CPU
	EndGlobalSection
	GlobalSection(SolutionProperties) = preSolution
		HideSolutionNode = FALSE
	EndGlobalSection
	GlobalSection(ExtensibilityGlobals) = postSolution
		SolutionGuid = {AB462B7A-99B1-48F7-9884-18FA3F0368DC}
	EndGlobalSection
EndGlobal
